// !$*UTF8*$!
{
	archiveVersion = 1;
	classes = {
	};
	objectVersion = 56;
	objects = {

/* Begin PBXBuildFile section */
		CEBE720B2BD3CF3E00C00DA9 /* AppDelegate.swift in Sources */ = {isa = PBXBuildFile; fileRef = CEBE720A2BD3CF3E00C00DA9 /* AppDelegate.swift */; };
		CEBE720D2BD3CF3E00C00DA9 /* SceneDelegate.swift in Sources */ = {isa = PBXBuildFile; fileRef = CEBE720C2BD3CF3E00C00DA9 /* SceneDelegate.swift */; };
		CEBE720F2BD3CF3E00C00DA9 /* ViewController.swift in Sources */ = {isa = PBXBuildFile; fileRef = CEBE720E2BD3CF3E00C00DA9 /* ViewController.swift */; };
		CEBE72142BD3CF4000C00DA9 /* Assets.xcassets in Resources */ = {isa = PBXBuildFile; fileRef = CEBE72132BD3CF4000C00DA9 /* Assets.xcassets */; };
		CEBE72172BD3CF4000C00DA9 /* LaunchScreen.storyboard in Resources */ = {isa = PBXBuildFile; fileRef = CEBE72152BD3CF4000C00DA9 /* LaunchScreen.storyboard */; };
		CEBE721F2BD3D0EF00C00DA9 /* Item.swift in Sources */ = {isa = PBXBuildFile; fileRef = CEBE721E2BD3D0EF00C00DA9 /* Item.swift */; };
		CEBE72212BD3D1E000C00DA9 /* PersonControllerCell.swift in Sources */ = {isa = PBXBuildFile; fileRef = CEBE72202BD3D1E000C00DA9 /* PersonControllerCell.swift */; };
		CEBE72232BD3D6FC00C00DA9 /* Network.swift in Sources */ = {isa = PBXBuildFile; fileRef = CEBE72222BD3D6FC00C00DA9 /* Network.swift */; };
/* End PBXBuildFile section */

/* Begin PBXFileReference section */
		CEBE72072BD3CF3E00C00DA9 /* otbor200424.app */ = {isa = PBXFileReference; explicitFileType = wrapper.application; includeInIndex = 0; path = otbor200424.app; sourceTree = BUILT_PRODUCTS_DIR; };
		CEBE720A2BD3CF3E00C00DA9 /* AppDelegate.swift */ = {isa = PBXFileReference; lastKnownFileType = sourcecode.swift; path = AppDelegate.swift; sourceTree = "<group>"; };
		CEBE720C2BD3CF3E00C00DA9 /* SceneDelegate.swift */ = {isa = PBXFileReference; lastKnownFileType = sourcecode.swift; path = SceneDelegate.swift; sourceTree = "<group>"; };
		CEBE720E2BD3CF3E00C00DA9 /* ViewController.swift */ = {isa = PBXFileReference; lastKnownFileType = sourcecode.swift; path = ViewController.swift; sourceTree = "<group>"; };
		CEBE72132BD3CF4000C00DA9 /* Assets.xcassets */ = {isa = PBXFileReference; lastKnownFileType = folder.assetcatalog; path = Assets.xcassets; sourceTree = "<group>"; };
		CEBE72162BD3CF4000C00DA9 /* Base */ = {isa = PBXFileReference; lastKnownFileType = file.storyboard; name = Base; path = Base.lproj/LaunchScreen.storyboard; sourceTree = "<group>"; };
		CEBE72182BD3CF4000C00DA9 /* Info.plist */ = {isa = PBXFileReference; lastKnownFileType = text.plist.xml; path = Info.plist; sourceTree = "<group>"; };
		CEBE721E2BD3D0EF00C00DA9 /* Item.swift */ = {isa = PBXFileReference; lastKnownFileType = sourcecode.swift; path = Item.swift; sourceTree = "<group>"; };
		CEBE72202BD3D1E000C00DA9 /* PersonControllerCell.swift */ = {isa = PBXFileReference; lastKnownFileType = sourcecode.swift; path = PersonControllerCell.swift; sourceTree = "<group>"; };
		CEBE72222BD3D6FC00C00DA9 /* Network.swift */ = {isa = PBXFileReference; lastKnownFileType = sourcecode.swift; path = Network.swift; sourceTree = "<group>"; };
/* End PBXFileReference section */

/* Begin PBXFrameworksBuildPhase section */
		CEBE72042BD3CF3E00C00DA9 /* Frameworks */ = {
			isa = PBXFrameworksBuildPhase;
			buildActionMask = 2147483647;
			files = (
			);
			runOnlyForDeploymentPostprocessing = 0;
		};
/* End PBXFrameworksBuildPhase section */

/* Begin PBXGroup section */
		CEBE71FE2BD3CF3E00C00DA9 = {
			isa = PBXGroup;
			children = (
				CEBE72092BD3CF3E00C00DA9 /* otbor200424 */,
				CEBE72082BD3CF3E00C00DA9 /* Products */,
			);
			sourceTree = "<group>";
		};
		CEBE72082BD3CF3E00C00DA9 /* Products */ = {
			isa = PBXGroup;
			children = (
				CEBE72072BD3CF3E00C00DA9 /* otbor200424.app */,
			);
			name = Products;
			sourceTree = "<group>";
		};
		CEBE72092BD3CF3E00C00DA9 /* otbor200424 */ = {
			isa = PBXGroup;
			children = (
				CEBE72242BD3D75A00C00DA9 /* App */,
				CEBE720E2BD3CF3E00C00DA9 /* ViewController.swift */,
				CEBE721E2BD3D0EF00C00DA9 /* Item.swift */,
				CEBE72202BD3D1E000C00DA9 /* PersonControllerCell.swift */,
				CEBE72222BD3D6FC00C00DA9 /* Network.swift */,
				CEBE72132BD3CF4000C00DA9 /* Assets.xcassets */,
				CEBE72152BD3CF4000C00DA9 /* LaunchScreen.storyboard */,
				CEBE72182BD3CF4000C00DA9 /* Info.plist */,
			);
			path = otbor200424;
			sourceTree = "<group>";
		};
		CEBE72242BD3D75A00C00DA9 /* App */ = {
			isa = PBXGroup;
			children = (
				CEBE720A2BD3CF3E00C00DA9 /* AppDelegate.swift */,
				CEBE720C2BD3CF3E00C00DA9 /* SceneDelegate.swift */,
			);
			path = App;
			sourceTree = "<group>";
		};
/* End PBXGroup section */

/* Begin PBXNativeTarget section */
		CEBE72062BD3CF3E00C00DA9 /* otbor200424 */ = {
			isa = PBXNativeTarget;
			buildConfigurationList = CEBE721B2BD3CF4000C00DA9 /* Build configuration list for PBXNativeTarget "otbor200424" */;
			buildPhases = (
				CEBE72032BD3CF3E00C00DA9 /* Sources */,
				CEBE72042BD3CF3E00C00DA9 /* Frameworks */,
				CEBE72052BD3CF3E00C00DA9 /* Resources */,
			);
			buildRules = (
			);
			dependencies = (
			);
			name = otbor200424;
			productName = otbor200424;
			productReference = CEBE72072BD3CF3E00C00DA9 /* otbor200424.app */;
			productType = "com.apple.product-type.application";
		};
/* End PBXNativeTarget section */

/* Begin PBXProject section */
		CEBE71FF2BD3CF3E00C00DA9 /* Project object */ = {
			isa = PBXProject;
			attributes = {
				BuildIndependentTargetsInParallel = 1;
				LastSwiftUpdateCheck = 1400;
				LastUpgradeCheck = 1400;
				TargetAttributes = {
					CEBE72062BD3CF3E00C00DA9 = {
						CreatedOnToolsVersion = 14.0;
					};
				};
			};
			buildConfigurationList = CEBE72022BD3CF3E00C00DA9 /* Build configuration list for PBXProject "otbor200424" */;
			compatibilityVersion = "Xcode 14.0";
			developmentRegion = en;
			hasScannedForEncodings = 0;
			knownRegions = (
				en,
				Base,
			);
			mainGroup = CEBE71FE2BD3CF3E00C00DA9;
			productRefGroup = CEBE72082BD3CF3E00C00DA9 /* Products */;
			projectDirPath = "";
			projectRoot = "";
			targets = (
				CEBE72062BD3CF3E00C00DA9 /* otbor200424 */,
			);
		};
/* End PBXProject section */

/* Begin PBXResourcesBuildPhase section */
		CEBE72052BD3CF3E00C00DA9 /* Resources */ = {
			isa = PBXResourcesBuildPhase;
			buildActionMask = 2147483647;
			files = (
				CEBE72172BD3CF4000C00DA9 /* LaunchScreen.storyboard in Resources */,
				CEBE72142BD3CF4000C00DA9 /* Assets.xcassets in Resources */,
			);
			runOnlyForDeploymentPostprocessing = 0;
		};
/* End PBXResourcesBuildPhase section */

/* Begin PBXSourcesBuildPhase section */
		CEBE72032BD3CF3E00C00DA9 /* Sources */ = {
			isa = PBXSourcesBuildPhase;
			buildActionMask = 2147483647;
			files = (
				CEBE721F2BD3D0EF00C00DA9 /* Item.swift in Sources */,
				CEBE720F2BD3CF3E00C00DA9 /* ViewController.swift in Sources */,
				CEBE72232BD3D6FC00C00DA9 /* Network.swift in Sources */,
				CEBE72212BD3D1E000C00DA9 /* PersonControllerCell.swift in Sources */,
				CEBE720B2BD3CF3E00C00DA9 /* AppDelegate.swift in Sources */,
				CEBE720D2BD3CF3E00C00DA9 /* SceneDelegate.swift in Sources */,
			);
			runOnlyForDeploymentPostprocessing = 0;
		};
/* End PBXSourcesBuildPhase section */

/* Begin PBXVariantGroup section */
		CEBE72152BD3CF4000C00DA9 /* LaunchScreen.storyboard */ = {
			isa = PBXVariantGroup;
			children = (
				CEBE72162BD3CF4000C00DA9 /* Base */,
			);
			name = LaunchScreen.storyboard;
			sourceTree = "<group>";
		};
/* End PBXVariantGroup section */

/* Begin XCBuildConfiguration section */
		CEBE72192BD3CF4000C00DA9 /* Debug */ = {
			isa = XCBuildConfiguration;
			buildSettings = {
				ALWAYS_SEARCH_USER_PATHS = NO;
				CLANG_ANALYZER_NONNULL = YES;
				CLANG_ANALYZER_NUMBER_OBJECT_CONVERSION = YES_AGGRESSIVE;
				CLANG_CXX_LANGUAGE_STANDARD = "gnu++20";
				CLANG_ENABLE_MODULES = YES;
				CLANG_ENABLE_OBJC_ARC = YES;
				CLANG_ENABLE_OBJC_WEAK = YES;
				CLANG_WARN_BLOCK_CAPTURE_AUTORELEASING = YES;
				CLANG_WARN_BOOL_CONVERSION = YES;
				CLANG_WARN_COMMA = YES;
				CLANG_WARN_CONSTANT_CONVERSION = YES;
				CLANG_WARN_DEPRECATED_OBJC_IMPLEMENTATIONS = YES;
				CLANG_WARN_DIRECT_OBJC_ISA_USAGE = YES_ERROR;
				CLANG_WARN_DOCUMENTATION_COMMENTS = YES;
				CLANG_WARN_EMPTY_BODY = YES;
				CLANG_WARN_ENUM_CONVERSION = YES;
				CLANG_WARN_INFINITE_RECURSION = YES;
				CLANG_WARN_INT_CONVERSION = YES;
				CLANG_WARN_NON_LITERAL_NULL_CONVERSION = YES;
				CLANG_WARN_OBJC_IMPLICIT_RETAIN_SELF = YES;
				CLANG_WARN_OBJC_LITERAL_CONVERSION = YES;
				CLANG_WARN_OBJC_ROOT_CLASS = YES_ERROR;
				CLANG_WARN_QUOTED_INCLUDE_IN_FRAMEWORK_HEADER = YES;
				CLANG_WARN_RANGE_LOOP_ANALYSIS = YES;
				CLANG_WARN_STRICT_PROTOTYPES = YES;
				CLANG_WARN_SUSPICIOUS_MOVE = YES;
				CLANG_WARN_UNGUARDED_AVAILABILITY = YES_AGGRESSIVE;
				CLANG_WARN_UNREACHABLE_CODE = YES;
				CLANG_WARN__DUPLICATE_METHOD_MATCH = YES;
				COPY_PHASE_STRIP = NO;
				DEBUG_INFORMATION_FORMAT = dwarf;
				ENABLE_STRICT_OBJC_MSGSEND = YES;
				ENABLE_TESTABILITY = YES;
				GCC_C_LANGUAGE_STANDARD = gnu11;
				GCC_DYNAMIC_NO_PIC = NO;
				GCC_NO_COMMON_BLOCKS = YES;
				GCC_OPTIMIZATION_LEVEL = 0;
				GCC_PREPROCESSOR_DEFINITIONS = (
					"DEBUG=1",
					"$(inherited)",
				);
				GCC_WARN_64_TO_32_BIT_CONVERSION = YES;
				GCC_WARN_ABOUT_RETURN_TYPE = YES_ERROR;
				GCC_WARN_UNDECLARED_SELECTOR = YES;
				GCC_WARN_UNINITIALIZED_AUTOS = YES_AGGRESSIVE;
				GCC_WARN_UNUSED_FUNCTION = YES;
				GCC_WARN_UNUSED_VARIABLE = YES;
				IPHONEOS_DEPLOYMENT_TARGET = 16.0;
				MTL_ENABLE_DEBUG_INFO = INCLUDE_SOURCE;
				MTL_FAST_MATH = YES;
				ONLY_ACTIVE_ARCH = YES;
				SDKROOT = iphoneos;
				SWIFT_ACTIVE_COMPILATION_CONDITIONS = DEBUG;
				SWIFT_OPTIMIZATION_LEVEL = "-Onone";
			};
			name = Debug;
		};
		CEBE721A2BD3CF4000C00DA9 /* Release */ = {
			isa = XCBuildConfiguration;
			buildSettings = {
				ALWAYS_SEARCH_USER_PATHS = NO;
				CLANG_ANALYZER_NONNULL = YES;
				CLANG_ANALYZER_NUMBER_OBJECT_CONVERSION = YES_AGGRESSIVE;
				CLANG_CXX_LANGUAGE_STANDARD = "gnu++20";
				CLANG_ENABLE_MODULES = YES;
				CLANG_ENABLE_OBJC_ARC = YES;
				CLANG_ENABLE_OBJC_WEAK = YES;
				CLANG_WARN_BLOCK_CAPTURE_AUTORELEASING = YES;
				CLANG_WARN_BOOL_CONVERSION = YES;
				CLANG_WARN_COMMA = YES;
				CLANG_WARN_CONSTANT_CONVERSION = YES;
				CLANG_WARN_DEPRECATED_OBJC_IMPLEMENTATIONS = YES;
				CLANG_WARN_DIRECT_OBJC_ISA_USAGE = YES_ERROR;
				CLANG_WARN_DOCUMENTATION_COMMENTS = YES;
				CLANG_WARN_EMPTY_BODY = YES;
				CLANG_WARN_ENUM_CONVERSION = YES;
				CLANG_WARN_INFINITE_RECURSION = YES;
				CLANG_WARN_INT_CONVERSION = YES;
				CLANG_WARN_NON_LITERAL_NULL_CONVERSION = YES;
				CLANG_WARN_OBJC_IMPLICIT_RETAIN_SELF = YES;
				CLANG_WARN_OBJC_LITERAL_CONVERSION = YES;
				CLANG_WARN_OBJC_ROOT_CLASS = YES_ERROR;
				CLANG_WARN_QUOTED_INCLUDE_IN_FRAMEWORK_HEADER = YES;
				CLANG_WARN_RANGE_LOOP_ANALYSIS = YES;
				CLANG_WARN_STRICT_PROTOTYPES = YES;
				CLANG_WARN_SUSPICIOUS_MOVE = YES;
				CLANG_WARN_UNGUARDED_AVAILABILITY = YES_AGGRESSIVE;
				CLANG_WARN_UNREACHABLE_CODE = YES;
				CLANG_WARN__DUPLICATE_METHOD_MATCH = YES;
				COPY_PHASE_STRIP = NO;
				DEBUG_INFORMATION_FORMAT = "dwarf-with-dsym";
				ENABLE_NS_ASSERTIONS = NO;
				ENABLE_STRICT_OBJC_MSGSEND = YES;
				GCC_C_LANGUAGE_STANDARD = gnu11;
				GCC_NO_COMMON_BLOCKS = YES;
				GCC_WARN_64_TO_32_BIT_CONVERSION = YES;
				GCC_WARN_ABOUT_RETURN_TYPE = YES_ERROR;
				GCC_WARN_UNDECLARED_SELECTOR = YES;
				GCC_WARN_UNINITIALIZED_AUTOS = YES_AGGRESSIVE;
				GCC_WARN_UNUSED_FUNCTION = YES;
				GCC_WARN_UNUSED_VARIABLE = YES;
				IPHONEOS_DEPLOYMENT_TARGET = 16.0;
				MTL_ENABLE_DEBUG_INFO = NO;
				MTL_FAST_MATH = YES;
				SDKROOT = iphoneos;
				SWIFT_COMPILATION_MODE = wholemodule;
				SWIFT_OPTIMIZATION_LEVEL = "-O";
				VALIDATE_PRODUCT = YES;
			};
			name = Release;
		};
		CEBE721C2BD3CF4000C00DA9 /* Debug */ = {
			isa = XCBuildConfiguration;
			buildSettings = {
				ASSETCATALOG_COMPILER_APPICON_NAME = AppIcon;
				ASSETCATALOG_COMPILER_GLOBAL_ACCENT_COLOR_NAME = AccentColor;
				CODE_SIGN_STYLE = Automatic;
				CURRENT_PROJECT_VERSION = 1;
				DEVELOPMENT_TEAM = 3WQN3TSW6L;
				GENERATE_INFOPLIST_FILE = YES;
				INFOPLIST_FILE = otbor200424/Info.plist;
				INFOPLIST_KEY_UIApplicationSupportsIndirectInputEvents = YES;
				INFOPLIST_KEY_UILaunchStoryboardName = LaunchScreen;
				INFOPLIST_KEY_UISupportedInterfaceOrientations_iPad = "UIInterfaceOrientationPortrait UIInterfaceOrientationPortraitUpsideDown UIInterfaceOrientationLandscapeLeft UIInterfaceOrientationLandscapeRight";
				INFOPLIST_KEY_UISupportedInterfaceOrientations_iPhone = "UIInterfaceOrientationPortrait UIInterfaceOrientationLandscapeLeft UIInterfaceOrientationLandscapeRight";
				LD_RUNPATH_SEARCH_PATHS = (
					"$(inherited)",
					"@executable_path/Frameworks",
				);
				MARKETING_VERSION = 1.0;
				PRODUCT_BUNDLE_IDENTIFIER = "month-6.otbor200424";
				PRODUCT_NAME = "$(TARGET_NAME)";
				SWIFT_EMIT_LOC_STRINGS = YES;
				SWIFT_VERSION = 5.0;
				TARGETED_DEVICE_FAMILY = "1,2";
			};
			name = Debug;
		};
		CEBE721D2BD3CF4000C00DA9 /* Release */ = {
			isa = XCBuildConfiguration;
			buildSettings = {
				ASSETCATALOG_COMPILER_APPICON_NAME = AppIcon;
				ASSETCATALOG_COMPILER_GLOBAL_ACCENT_COLOR_NAME = AccentColor;
				CODE_SIGN_STYLE = Automatic;
				CURRENT_PROJECT_VERSION = 1;
				DEVELOPMENT_TEAM = 3WQN3TSW6L;
				GENERATE_INFOPLIST_FILE = YES;
				INFOPLIST_FILE = otbor200424/Info.plist;
				INFOPLIST_KEY_UIApplicationSupportsIndirectInputEvents = YES;
				INFOPLIST_KEY_UILaunchStoryboardName = LaunchScreen;
				INFOPLIST_KEY_UISupportedInterfaceOrientations_iPad = "UIInterfaceOrientationPortrait UIInterfaceOrientationPortraitUpsideDown UIInterfaceOrientationLandscapeLeft UIInterfaceOrientationLandscapeRight";
				INFOPLIST_KEY_UISupportedInterfaceOrientations_iPhone = "UIInterfaceOrientationPortrait UIInterfaceOrientationLandscapeLeft UIInterfaceOrientationLandscapeRight";
				LD_RUNPATH_SEARCH_PATHS = (
					"$(inherited)",
					"@executable_path/Frameworks",
				);
				MARKETING_VERSION = 1.0;
				PRODUCT_BUNDLE_IDENTIFIER = "month-6.otbor200424";
				PRODUCT_NAME = "$(TARGET_NAME)";
				SWIFT_EMIT_LOC_STRINGS = YES;
				SWIFT_VERSION = 5.0;
				TARGETED_DEVICE_FAMILY = "1,2";
			};
			name = Release;
		};
/* End XCBuildConfiguration section */

/* Begin XCConfigurationList section */
		CEBE72022BD3CF3E00C00DA9 /* Build configuration list for PBXProject "otbor200424" */ = {
			isa = XCConfigurationList;
			buildConfigurations = (
				CEBE72192BD3CF4000C00DA9 /* Debug */,
				CEBE721A2BD3CF4000C00DA9 /* Release */,
			);
			defaultConfigurationIsVisible = 0;
			defaultConfigurationName = Release;
		};
		CEBE721B2BD3CF4000C00DA9 /* Build configuration list for PBXNativeTarget "otbor200424" */ = {
			isa = XCConfigurationList;
			buildConfigurations = (
				CEBE721C2BD3CF4000C00DA9 /* Debug */,
				CEBE721D2BD3CF4000C00DA9 /* Release */,
			);
			defaultConfigurationIsVisible = 0;
			defaultConfigurationName = Release;
		};
/* End XCConfigurationList section */
	};
	rootObject = CEBE71FF2BD3CF3E00C00DA9 /* Project object */;
}
